
Microsoft Visual Studio Solution File, Format Version 12.00
# Visual Studio Version 17
VisualStudioVersion = 17.4.33403.182
MinimumVisualStudioVersion = 10.0.40219.1
Project("{9A19103F-16F7-4668-BE54-9A1E7A4F7556}") = "Backend_Blaupause", "Backend Blaupause\Backend_Blaupause.csproj", "{6FC38B11-CBDE-433C-83B8-9A90DB5DA302}"
EndProject
Project("{2150E333-8FDC-42A3-9474-1A3956D46DE8}") = "Solution Items", "Solution Items", "{016EFDB2-F9CD-4B53-8A2B-237B5A7144F2}"
	ProjectSection(SolutionItems) = preProject
		.editorconfig = .editorconfig
	EndProjectSection
EndProject
Project("{9A19103F-16F7-4668-BE54-9A1E7A4F7556}") = "Backend_Blaupause_Unit_Test", "Backend_Blaupause_Unit_Test\Backend_Blaupause_Unit_Test.csproj", "{05964699-BE90-4F52-9B5D-493E85E18F6D}"
EndProject
Global
	GlobalSection(SolutionConfigurationPlatforms) = preSolution
		Debug|Any CPU = Debug|Any CPU
		Release|Any CPU = Release|Any CPU
	EndGlobalSection
	GlobalSection(ProjectConfigurationPlatforms) = postSolution
		{6FC38B11-CBDE-433C-83B8-9A90DB5DA302}.Debug|Any CPU.ActiveCfg = Debug|Any CPU
		{6FC38B11-CBDE-433C-83B8-9A90DB5DA302}.Debug|Any CPU.Build.0 = Debug|Any CPU
		{6FC38B11-CBDE-433C-83B8-9A90DB5DA302}.Release|Any CPU.ActiveCfg = Release|Any CPU
		{6FC38B11-CBDE-433C-83B8-9A90DB5DA302}.Release|Any CPU.Build.0 = Release|Any CPU
		{05964699-BE90-4F52-9B5D-493E85E18F6D}.Debug|Any CPU.ActiveCfg = Debug|Any CPU
		{05964699-BE90-4F52-9B5D-493E85E18F6D}.Debug|Any CPU.Build.0 = Debug|Any CPU
		{05964699-BE90-4F52-9B5D-493E85E18F6D}.Release|Any CPU.ActiveCfg = Release|Any CPU
		{05964699-BE90-4F52-9B5D-493E85E18F6D}.Release|Any CPU.Build.0 = Release|Any CPU
	EndGlobalSection
	GlobalSection(SolutionProperties) = preSolution
		HideSolutionNode = FALSE
	EndGlobalSection
	GlobalSection(ExtensibilityGlobals) = postSolution
		SolutionGuid = {295EF5F4-4AF5-44BA-AAC8-FF38A4F42647}
	EndGlobalSection
EndGlobal
